
Microsoft Visual Studio Solution File, Format Version 12.00
# Visual Studio 14
VisualStudioVersion = 14.0.25420.1
MinimumVisualStudioVersion = 10.0.40219.1
Project("{FAE04EC0-301F-11D3-BF4B-00C04F79EFBC}") = "Data", "Data\Data.csproj", "{7E2E5C3B-7D64-4536-874E-B0C13DBA888E}"
EndProject
Project("{FAE04EC0-301F-11D3-BF4B-00C04F79EFBC}") = "Domain", "Domain\Domain.csproj", "{5DC87D65-F272-46EF-9B52-0B6D4EE9B50E}"
EndProject
Project("{FAE04EC0-301F-11D3-BF4B-00C04F79EFBC}") = "ServicePattern", "ServicePattern\ServicePattern.csproj", "{3BB8DACB-15EA-4523-926A-361938169870}"
EndProject
Project("{FAE04EC0-301F-11D3-BF4B-00C04F79EFBC}") = "Service", "Service\Service.csproj", "{A6CF243A-75BA-41CC-B352-5913C3F32F1A}"
EndProject
Project("{FAE04EC0-301F-11D3-BF4B-00C04F79EFBC}") = "WebApp", "WebApp\WebApp.csproj", "{637AFF01-4436-451E-90C2-106036124CB0}"
EndProject
Global
	GlobalSection(SolutionConfigurationPlatforms) = preSolution
		Debug|Any CPU = Debug|Any CPU
		Release|Any CPU = Release|Any CPU
	EndGlobalSection
	GlobalSection(ProjectConfigurationPlatforms) = postSolution
		{7E2E5C3B-7D64-4536-874E-B0C13DBA888E}.Debug|Any CPU.ActiveCfg = Debug|Any CPU
		{7E2E5C3B-7D64-4536-874E-B0C13DBA888E}.Debug|Any CPU.Build.0 = Debug|Any CPU
		{7E2E5C3B-7D64-4536-874E-B0C13DBA888E}.Release|Any CPU.ActiveCfg = Release|Any CPU
		{7E2E5C3B-7D64-4536-874E-B0C13DBA888E}.Release|Any CPU.Build.0 = Release|Any CPU
		{5DC87D65-F272-46EF-9B52-0B6D4EE9B50E}.Debug|Any CPU.ActiveCfg = Debug|Any CPU
		{5DC87D65-F272-46EF-9B52-0B6D4EE9B50E}.Debug|Any CPU.Build.0 = Debug|Any CPU
		{5DC87D65-F272-46EF-9B52-0B6D4EE9B50E}.Release|Any CPU.ActiveCfg = Release|Any CPU
		{5DC87D65-F272-46EF-9B52-0B6D4EE9B50E}.Release|Any CPU.Build.0 = Release|Any CPU
		{3BB8DACB-15EA-4523-926A-361938169870}.Debug|Any CPU.ActiveCfg = Debug|Any CPU
		{3BB8DACB-15EA-4523-926A-361938169870}.Debug|Any CPU.Build.0 = Debug|Any CPU
		{3BB8DACB-15EA-4523-926A-361938169870}.Release|Any CPU.ActiveCfg = Release|Any CPU
		{3BB8DACB-15EA-4523-926A-361938169870}.Release|Any CPU.Build.0 = Release|Any CPU
		{A6CF243A-75BA-41CC-B352-5913C3F32F1A}.Debug|Any CPU.ActiveCfg = Debug|Any CPU
		{A6CF243A-75BA-41CC-B352-5913C3F32F1A}.Debug|Any CPU.Build.0 = Debug|Any CPU
		{A6CF243A-75BA-41CC-B352-5913C3F32F1A}.Release|Any CPU.ActiveCfg = Release|Any CPU
		{A6CF243A-75BA-41CC-B352-5913C3F32F1A}.Release|Any CPU.Build.0 = Release|Any CPU
		{637AFF01-4436-451E-90C2-106036124CB0}.Debug|Any CPU.ActiveCfg = Debug|Any CPU
		{637AFF01-4436-451E-90C2-106036124CB0}.Debug|Any CPU.Build.0 = Debug|Any CPU
		{637AFF01-4436-451E-90C2-106036124CB0}.Release|Any CPU.ActiveCfg = Release|Any CPU
		{637AFF01-4436-451E-90C2-106036124CB0}.Release|Any CPU.Build.0 = Release|Any CPU
	EndGlobalSection
	GlobalSection(SolutionProperties) = preSolution
		HideSolutionNode = FALSE
	EndGlobalSection
EndGlobal
